
Microsoft Visual Studio Solution File, Format Version 12.00
# Visual Studio Version 17
VisualStudioVersion = 17.9.34701.34
MinimumVisualStudioVersion = 10.0.40219.1
Project("{FAE04EC0-301F-11D3-BF4B-00C04F79EFBC}") = "HomeTask2", "HomeTask2\HomeTask2.csproj", "{BDAE8A77-CA0E-4026-9107-C972479A6EB2}"
EndProject
Global
	GlobalSection(SolutionConfigurationPlatforms) = preSolution
		Debug|Any CPU = Debug|Any CPU
		Release|Any CPU = Release|Any CPU
	EndGlobalSection
	GlobalSection(ProjectConfigurationPlatforms) = postSolution
		{BDAE8A77-CA0E-4026-9107-C972479A6EB2}.Debug|Any CPU.ActiveCfg = Debug|Any CPU
		{BDAE8A77-CA0E-4026-9107-C972479A6EB2}.Debug|Any CPU.Build.0 = Debug|Any CPU
		{BDAE8A77-CA0E-4026-9107-C972479A6EB2}.Release|Any CPU.ActiveCfg = Release|Any CPU
		{BDAE8A77-CA0E-4026-9107-C972479A6EB2}.Release|Any CPU.Build.0 = Release|Any CPU
	EndGlobalSection
	GlobalSection(SolutionProperties) = preSolution
		HideSolutionNode = FALSE
	EndGlobalSection
	GlobalSection(ExtensibilityGlobals) = postSolution
		SolutionGuid = {770F56D5-685F-4F45-8A81-9E1B9964B15E}
	EndGlobalSection
EndGlobal
